
Microsoft Visual Studio Solution File, Format Version 12.00
# Visual Studio 15
Project("{FAE04EC0-301F-11D3-BF4B-00C04F79EFBC}") = "Snowflake53", "Snowflake53.csproj", "{49981274-B4A0-495A-B284-6B6A445A6103}"
EndProject
Global
	GlobalSection(SolutionConfigurationPlatforms) = preSolution
		Debug|Any CPU = Debug|Any CPU
		Release|Any CPU = Release|Any CPU
	EndGlobalSection
	GlobalSection(ProjectConfigurationPlatforms) = postSolution
		{49981274-B4A0-495A-B284-6B6A445A6103}.Debug|Any CPU.ActiveCfg = Debug|Any CPU
		{49981274-B4A0-495A-B284-6B6A445A6103}.Debug|Any CPU.Build.0 = Debug|Any CPU
		{49981274-B4A0-495A-B284-6B6A445A6103}.Release|Any CPU.ActiveCfg = Release|Any CPU
		{49981274-B4A0-495A-B284-6B6A445A6103}.Release|Any CPU.Build.0 = Release|Any CPU
	EndGlobalSection
EndGlobal
